
Microsoft Visual Studio Solution File, Format Version 12.00
# Visual Studio Version 16
VisualStudioVersion = 16.0.32802.440
MinimumVisualStudioVersion = 10.0.40219.1
Project("{8BC9CEB8-8B4A-11D0-8D11-00A0C91BC942}") = "循环数组11", "循环数组11\循环数组11.vcxproj", "{EEF60EE9-5DA6-4235-8BD9-B66A9DD65D03}"
EndProject
Global
	GlobalSection(SolutionConfigurationPlatforms) = preSolution
		Debug|x64 = Debug|x64
		Debug|x86 = Debug|x86
		Release|x64 = Release|x64
		Release|x86 = Release|x86
	EndGlobalSection
	GlobalSection(ProjectConfigurationPlatforms) = postSolution
		{EEF60EE9-5DA6-4235-8BD9-B66A9DD65D03}.Debug|x64.ActiveCfg = Debug|x64
		{EEF60EE9-5DA6-4235-8BD9-B66A9DD65D03}.Debug|x64.Build.0 = Debug|x64
		{EEF60EE9-5DA6-4235-8BD9-B66A9DD65D03}.Debug|x86.ActiveCfg = Debug|Win32
		{EEF60EE9-5DA6-4235-8BD9-B66A9DD65D03}.Debug|x86.Build.0 = Debug|Win32
		{EEF60EE9-5DA6-4235-8BD9-B66A9DD65D03}.Release|x64.ActiveCfg = Release|x64
		{EEF60EE9-5DA6-4235-8BD9-B66A9DD65D03}.Release|x64.Build.0 = Release|x64
		{EEF60EE9-5DA6-4235-8BD9-B66A9DD65D03}.Release|x86.ActiveCfg = Release|Win32
		{EEF60EE9-5DA6-4235-8BD9-B66A9DD65D03}.Release|x86.Build.0 = Release|Win32
	EndGlobalSection
	GlobalSection(SolutionProperties) = preSolution
		HideSolutionNode = FALSE
	EndGlobalSection
	GlobalSection(ExtensibilityGlobals) = postSolution
		SolutionGuid = {924D93B1-AFB2-473A-9C80-10334876694A}
	EndGlobalSection
EndGlobal
