
Microsoft Visual Studio Solution File, Format Version 12.00
# Visual Studio Version 16
VisualStudioVersion = 16.0.32802.440
MinimumVisualStudioVersion = 10.0.40219.1
Project("{8BC9CEB8-8B4A-11D0-8D11-00A0C91BC942}") = "一元多项式求导", "一元多项式求导\一元多项式求导.vcxproj", "{CA799C11-0FDB-4200-B9DC-D9D4D11E3351}"
EndProject
Global
	GlobalSection(SolutionConfigurationPlatforms) = preSolution
		Debug|x64 = Debug|x64
		Debug|x86 = Debug|x86
		Release|x64 = Release|x64
		Release|x86 = Release|x86
	EndGlobalSection
	GlobalSection(ProjectConfigurationPlatforms) = postSolution
		{CA799C11-0FDB-4200-B9DC-D9D4D11E3351}.Debug|x64.ActiveCfg = Debug|x64
		{CA799C11-0FDB-4200-B9DC-D9D4D11E3351}.Debug|x64.Build.0 = Debug|x64
		{CA799C11-0FDB-4200-B9DC-D9D4D11E3351}.Debug|x86.ActiveCfg = Debug|Win32
		{CA799C11-0FDB-4200-B9DC-D9D4D11E3351}.Debug|x86.Build.0 = Debug|Win32
		{CA799C11-0FDB-4200-B9DC-D9D4D11E3351}.Release|x64.ActiveCfg = Release|x64
		{CA799C11-0FDB-4200-B9DC-D9D4D11E3351}.Release|x64.Build.0 = Release|x64
		{CA799C11-0FDB-4200-B9DC-D9D4D11E3351}.Release|x86.ActiveCfg = Release|Win32
		{CA799C11-0FDB-4200-B9DC-D9D4D11E3351}.Release|x86.Build.0 = Release|Win32
	EndGlobalSection
	GlobalSection(SolutionProperties) = preSolution
		HideSolutionNode = FALSE
	EndGlobalSection
	GlobalSection(ExtensibilityGlobals) = postSolution
		SolutionGuid = {D81BCABB-6377-4008-8A75-3B51E5CE8788}
	EndGlobalSection
EndGlobal
